
Microsoft Visual Studio Solution File, Format Version 12.00
# Visual Studio Version 17
VisualStudioVersion = 17.14.36429.23 d17.14
MinimumVisualStudioVersion = 10.0.40219.1
Project("{FAE04EC0-301F-11D3-BF4B-00C04F79EFBC}") = "ISW123-ReporteroDigital-2024-2048", "ISW123-ReporteroDigital-2024-2048\ISW123-ReporteroDigital-2024-2048.csproj", "{CAF5BE6E-C889-4E01-ABB1-C107613B241D}"
EndProject
Global
	GlobalSection(SolutionConfigurationPlatforms) = preSolution
		Debug|Any CPU = Debug|Any CPU
		Release|Any CPU = Release|Any CPU
	EndGlobalSection
	GlobalSection(ProjectConfigurationPlatforms) = postSolution
		{CAF5BE6E-C889-4E01-ABB1-C107613B241D}.Debug|Any CPU.ActiveCfg = Debug|Any CPU
		{CAF5BE6E-C889-4E01-ABB1-C107613B241D}.Debug|Any CPU.Build.0 = Debug|Any CPU
		{CAF5BE6E-C889-4E01-ABB1-C107613B241D}.Release|Any CPU.ActiveCfg = Release|Any CPU
		{CAF5BE6E-C889-4E01-ABB1-C107613B241D}.Release|Any CPU.Build.0 = Release|Any CPU
	EndGlobalSection
	GlobalSection(SolutionProperties) = preSolution
		HideSolutionNode = FALSE
	EndGlobalSection
	GlobalSection(ExtensibilityGlobals) = postSolution
		SolutionGuid = {16ED3ED6-BD8C-4ACD-9D8C-707026917E7C}
	EndGlobalSection
EndGlobal
